
Microsoft Visual Studio Solution File, Format Version 12.00
# Visual Studio 15
VisualStudioVersion = 15.0.28307.136
MinimumVisualStudioVersion = 10.0.40219.1
Project("{FAE04EC0-301F-11D3-BF4B-00C04F79EFBC}") = "CapstoneOne", "CapstoneOne\CapstoneOne.csproj", "{4F0A5634-1CC9-4359-9DA3-A62AD06D0C34}"
EndProject
Global
	GlobalSection(SolutionConfigurationPlatforms) = preSolution
		Debug|Any CPU = Debug|Any CPU
		Release|Any CPU = Release|Any CPU
	EndGlobalSection
	GlobalSection(ProjectConfigurationPlatforms) = postSolution
		{4F0A5634-1CC9-4359-9DA3-A62AD06D0C34}.Debug|Any CPU.ActiveCfg = Debug|Any CPU
		{4F0A5634-1CC9-4359-9DA3-A62AD06D0C34}.Debug|Any CPU.Build.0 = Debug|Any CPU
		{4F0A5634-1CC9-4359-9DA3-A62AD06D0C34}.Release|Any CPU.ActiveCfg = Release|Any CPU
		{4F0A5634-1CC9-4359-9DA3-A62AD06D0C34}.Release|Any CPU.Build.0 = Release|Any CPU
	EndGlobalSection
	GlobalSection(SolutionProperties) = preSolution
		HideSolutionNode = FALSE
	EndGlobalSection
	GlobalSection(ExtensibilityGlobals) = postSolution
		SolutionGuid = {367B889A-02A1-436B-A8BB-41D016CBCBE4}
	EndGlobalSection
EndGlobal
